dependencies:
- name: backend
  repository: http://localhost:8080
  version: 0.1.0
- name: frontend
  repository: http://localhost:8080
  version: 1.1.0
- name: database
  repository: http://localhost:8080
  version: 0.1.0
digest: sha256:9a46f71f69cba43778dbe62c57fa0298756fe8c46329c45b6046a964db9de6a2
generated: "2022-06-20T07:38:06.878777+08:00"
